
Microsoft Visual Studio Solution File, Format Version 12.00
# Visual Studio Version 17
VisualStudioVersion = 17.0.31903.59
MinimumVisualStudioVersion = 10.0.40219.1
Project("{2150E333-8FDC-42A3-9474-1A3956D46DE8}") = "src", "src", "{DDA35D56-40F9-4948-A220-342031778AE8}"
EndProject
Project("{FAE04EC0-301F-11D3-BF4B-00C04F79EFBC}") = "Stifl", "src\Stifl\Stifl.csproj", "{95A1C330-6C17-41E5-B601-1C398C733585}"
EndProject
Project("{FAE04EC0-301F-11D3-BF4B-00C04F79EFBC}") = "Stifl.Cli", "src\Stifl.Cli\Stifl.Cli.csproj", "{88F760C3-CB1C-48FB-8D4F-F4059ED5F6AC}"
EndProject
Project("{FAE04EC0-301F-11D3-BF4B-00C04F79EFBC}") = "Stifl.CodeInator", "src\Stifl.CodeInator\Stifl.CodeInator.csproj", "{6ED4E88F-4378-42FD-9FD0-870B22ADBF29}"
EndProject
Global
	GlobalSection(SolutionConfigurationPlatforms) = preSolution
		Debug|Any CPU = Debug|Any CPU
		Release|Any CPU = Release|Any CPU
	EndGlobalSection
	GlobalSection(SolutionProperties) = preSolution
		HideSolutionNode = FALSE
	EndGlobalSection
	GlobalSection(ProjectConfigurationPlatforms) = postSolution
		{95A1C330-6C17-41E5-B601-1C398C733585}.Debug|Any CPU.ActiveCfg = Debug|Any CPU
		{95A1C330-6C17-41E5-B601-1C398C733585}.Debug|Any CPU.Build.0 = Debug|Any CPU
		{95A1C330-6C17-41E5-B601-1C398C733585}.Release|Any CPU.ActiveCfg = Release|Any CPU
		{95A1C330-6C17-41E5-B601-1C398C733585}.Release|Any CPU.Build.0 = Release|Any CPU
		{88F760C3-CB1C-48FB-8D4F-F4059ED5F6AC}.Debug|Any CPU.ActiveCfg = Debug|Any CPU
		{88F760C3-CB1C-48FB-8D4F-F4059ED5F6AC}.Debug|Any CPU.Build.0 = Debug|Any CPU
		{88F760C3-CB1C-48FB-8D4F-F4059ED5F6AC}.Release|Any CPU.ActiveCfg = Release|Any CPU
		{88F760C3-CB1C-48FB-8D4F-F4059ED5F6AC}.Release|Any CPU.Build.0 = Release|Any CPU
		{6ED4E88F-4378-42FD-9FD0-870B22ADBF29}.Debug|Any CPU.ActiveCfg = Debug|Any CPU
		{6ED4E88F-4378-42FD-9FD0-870B22ADBF29}.Debug|Any CPU.Build.0 = Debug|Any CPU
		{6ED4E88F-4378-42FD-9FD0-870B22ADBF29}.Release|Any CPU.ActiveCfg = Release|Any CPU
		{6ED4E88F-4378-42FD-9FD0-870B22ADBF29}.Release|Any CPU.Build.0 = Release|Any CPU
	EndGlobalSection
	GlobalSection(NestedProjects) = preSolution
		{95A1C330-6C17-41E5-B601-1C398C733585} = {DDA35D56-40F9-4948-A220-342031778AE8}
		{88F760C3-CB1C-48FB-8D4F-F4059ED5F6AC} = {DDA35D56-40F9-4948-A220-342031778AE8}
		{6ED4E88F-4378-42FD-9FD0-870B22ADBF29} = {DDA35D56-40F9-4948-A220-342031778AE8}
	EndGlobalSection
EndGlobal
